
Microsoft Visual Studio Solution File, Format Version 12.00
# Visual Studio 15
VisualStudioVersion = 15.0.27130.2027
MinimumVisualStudioVersion = 10.0.40219.1
Project("{FAE04EC0-301F-11D3-BF4B-00C04F79EFBC}") = "EuDiretoService", "EuDiretoService\EuDiretoService.csproj", "{564F4624-5721-448A-BE2F-273F7A6D83B9}"
EndProject
Global
	GlobalSection(SolutionConfigurationPlatforms) = preSolution
		Debug|Any CPU = Debug|Any CPU
		Release|Any CPU = Release|Any CPU
	EndGlobalSection
	GlobalSection(ProjectConfigurationPlatforms) = postSolution
		{564F4624-5721-448A-BE2F-273F7A6D83B9}.Debug|Any CPU.ActiveCfg = Debug|Any CPU
		{564F4624-5721-448A-BE2F-273F7A6D83B9}.Debug|Any CPU.Build.0 = Debug|Any CPU
		{564F4624-5721-448A-BE2F-273F7A6D83B9}.Release|Any CPU.ActiveCfg = Release|Any CPU
		{564F4624-5721-448A-BE2F-273F7A6D83B9}.Release|Any CPU.Build.0 = Release|Any CPU
	EndGlobalSection
	GlobalSection(SolutionProperties) = preSolution
		HideSolutionNode = FALSE
	EndGlobalSection
	GlobalSection(ExtensibilityGlobals) = postSolution
		SolutionGuid = {6EF41AA4-6DE0-4F4D-A0E1-B30E480E3F14}
	EndGlobalSection
EndGlobal
